// !$*UTF8*$!
{
	archiveVersion = 1;
	classes = {
	};
	objectVersion = 50;
	objects = {

/* Begin PBXBuildFile section */
		AEE459C4257F0391007BA519 /* AppDelegate.swift in Sources */ = {isa = PBXBuildFile; fileRef = AEE459C3257F0391007BA519 /* AppDelegate.swift */; };
		AEE459C6257F0391007BA519 /* SceneDelegate.swift in Sources */ = {isa = PBXBuildFile; fileRef = AEE459C5257F0391007BA519 /* SceneDelegate.swift */; };
		AEE459C8257F0391007BA519 /* ViewController.swift in Sources */ = {isa = PBXBuildFile; fileRef = AEE459C7257F0391007BA519 /* ViewController.swift */; };
		AEE459CB257F0391007BA519 /* Main.storyboard in Resources */ = {isa = PBXBuildFile; fileRef = AEE459C9257F0391007BA519 /* Main.storyboard */; };
		AEE459CD257F0396007BA519 /* Assets.xcassets in Resources */ = {isa = PBXBuildFile; fileRef = AEE459CC257F0396007BA519 /* Assets.xcassets */; };
		AEE459D0257F0396007BA519 /* LaunchScreen.storyboard in Resources */ = {isa = PBXBuildFile; fileRef = AEE459CE257F0396007BA519 /* LaunchScreen.storyboard */; };
		AEE459D8257F03F8007BA519 /* MyCollectionViewCell.swift in Sources */ = {isa = PBXBuildFile; fileRef = AEE459D7257F03F8007BA519 /* MyCollectionViewCell.swift */; };
		AEE459DA257F040D007BA519 /* MyCollectionViewController.swift in Sources */ = {isa = PBXBuildFile; fileRef = AEE459D9257F040D007BA519 /* MyCollectionViewController.swift */; };
/* End PBXBuildFile section */

/* Begin PBXFileReference section */
		AEE459C0257F0391007BA519 /* CustomCollectionViewCell.app */ = {isa = PBXFileReference; explicitFileType = wrapper.application; includeInIndex = 0; path = CustomCollectionViewCell.app; sourceTree = BUILT_PRODUCTS_DIR; };
		AEE459C3257F0391007BA519 /* AppDelegate.swift */ = {isa = PBXFileReference; lastKnownFileType = sourcecode.swift; path = AppDelegate.swift; sourceTree = "<group>"; };
		AEE459C5257F0391007BA519 /* SceneDelegate.swift */ = {isa = PBXFileReference; lastKnownFileType = sourcecode.swift; path = SceneDelegate.swift; sourceTree = "<group>"; };
		AEE459C7257F0391007BA519 /* ViewController.swift */ = {isa = PBXFileReference; lastKnownFileType = sourcecode.swift; path = ViewController.swift; sourceTree = "<group>"; };
		AEE459CA257F0391007BA519 /* Base */ = {isa = PBXFileReference; lastKnownFileType = file.storyboard; name = Base; path = Base.lproj/Main.storyboard; sourceTree = "<group>"; };
		AEE459CC257F0396007BA519 /* Assets.xcassets */ = {isa = PBXFileReference; lastKnownFileType = folder.assetcatalog; path = Assets.xcassets; sourceTree = "<group>"; };
		AEE459CF257F0396007BA519 /* Base */ = {isa = PBXFileReference; lastKnownFileType = file.storyboard; name = Base; path = Base.lproj/LaunchScreen.storyboard; sourceTree = "<group>"; };
		AEE459D1257F0396007BA519 /* Info.plist */ = {isa = PBXFileReference; lastKnownFileType = text.plist.xml; path = Info.plist; sourceTree = "<group>"; };
		AEE459D7257F03F8007BA519 /* MyCollectionViewCell.swift */ = {isa = PBXFileReference; lastKnownFileType = sourcecode.swift; path = MyCollectionViewCell.swift; sourceTree = "<group>"; };
		AEE459D9257F040D007BA519 /* MyCollectionViewController.swift */ = {isa = PBXFileReference; lastKnownFileType = sourcecode.swift; path = MyCollectionViewController.swift; sourceTree = "<group>"; };
/* End PBXFileReference section */

/* Begin PBXFrameworksBuildPhase section */
		AEE459BD257F0391007BA519 /* Frameworks */ = {
			isa = PBXFrameworksBuildPhase;
			buildActionMask = 2147483647;
			files = (
			);
			runOnlyForDeploymentPostprocessing = 0;
		};
/* End PBXFrameworksBuildPhase section */

/* Begin PBXGroup section */
		AEE459B7257F0390007BA519 = {
			isa = PBXGroup;
			children = (
				AEE459C2257F0391007BA519 /* CustomCollectionViewCell */,
				AEE459C1257F0391007BA519 /* Products */,
			);
			sourceTree = "<group>";
		};
		AEE459C1257F0391007BA519 /* Products */ = {
			isa = PBXGroup;
			children = (
				AEE459C0257F0391007BA519 /* CustomCollectionViewCell.app */,
			);
			name = Products;
			sourceTree = "<group>";
		};
		AEE459C2257F0391007BA519 /* CustomCollectionViewCell */ = {
			isa = PBXGroup;
			children = (
				AEE459C3257F0391007BA519 /* AppDelegate.swift */,
				AEE459C5257F0391007BA519 /* SceneDelegate.swift */,
				AEE459C7257F0391007BA519 /* ViewController.swift */,
				AEE459D7257F03F8007BA519 /* MyCollectionViewCell.swift */,
				AEE459D9257F040D007BA519 /* MyCollectionViewController.swift */,
				AEE459C9257F0391007BA519 /* Main.storyboard */,
				AEE459CC257F0396007BA519 /* Assets.xcassets */,
				AEE459CE257F0396007BA519 /* LaunchScreen.storyboard */,
				AEE459D1257F0396007BA519 /* Info.plist */,
			);
			path = CustomCollectionViewCell;
			sourceTree = "<group>";
		};
/* End PBXGroup section */

/* Begin PBXNativeTarget section */
		AEE459BF257F0391007BA519 /* CustomCollectionViewCell */ = {
			isa = PBXNativeTarget;
			buildConfigurationList = AEE459D4257F0396007BA519 /* Build configuration list for PBXNativeTarget "CustomCollectionViewCell" */;
			buildPhases = (
				AEE459BC257F0391007BA519 /* Sources */,
				AEE459BD257F0391007BA519 /* Frameworks */,
				AEE459BE257F0391007BA519 /* Resources */,
			);
			buildRules = (
			);
			dependencies = (
			);
			name = CustomCollectionViewCell;
			productName = CustomCollectionViewCell;
			productReference = AEE459C0257F0391007BA519 /* CustomCollectionViewCell.app */;
			productType = "com.apple.product-type.application";
		};
/* End PBXNativeTarget section */

/* Begin PBXProject section */
		AEE459B8257F0390007BA519 /* Project object */ = {
			isa = PBXProject;
			attributes = {
				LastSwiftUpdateCheck = 1170;
				LastUpgradeCheck = 1170;
				ORGANIZATIONNAME = "Duncan Champney";
				TargetAttributes = {
					AEE459BF257F0391007BA519 = {
						CreatedOnToolsVersion = 11.7;
					};
				};
			};
			buildConfigurationList = AEE459BB257F0390007BA519 /* Build configuration list for PBXProject "CustomCollectionViewCell" */;
			compatibilityVersion = "Xcode 9.3";
			developmentRegion = en;
			hasScannedForEncodings = 0;
			knownRegions = (
				en,
				Base,
			);
			mainGroup = AEE459B7257F0390007BA519;
			productRefGroup = AEE459C1257F0391007BA519 /* Products */;
			projectDirPath = "";
			projectRoot = "";
			targets = (
				AEE459BF257F0391007BA519 /* CustomCollectionViewCell */,
			);
		};
/* End PBXProject section */

/* Begin PBXResourcesBuildPhase section */
		AEE459BE257F0391007BA519 /* Resources */ = {
			isa = PBXResourcesBuildPhase;
			buildActionMask = 2147483647;
			files = (
				AEE459D0257F0396007BA519 /* LaunchScreen.storyboard in Resources */,
				AEE459CD257F0396007BA519 /* Assets.xcassets in Resources */,
				AEE459CB257F0391007BA519 /* Main.storyboard in Resources */,
			);
			runOnlyForDeploymentPostprocessing = 0;
		};
/* End PBXResourcesBuildPhase section */

/* Begin PBXSourcesBuildPhase section */
		AEE459BC257F0391007BA519 /* Sources */ = {
			isa = PBXSourcesBuildPhase;
			buildActionMask = 2147483647;
			files = (
				AEE459C8257F0391007BA519 /* ViewController.swift in Sources */,
				AEE459C4257F0391007BA519 /* AppDelegate.swift in Sources */,
				AEE459D8257F03F8007BA519 /* MyCollectionViewCell.swift in Sources */,
				AEE459DA257F040D007BA519 /* MyCollectionViewController.swift in Sources */,
				AEE459C6257F0391007BA519 /* SceneDelegate.swift in Sources */,
			);
			runOnlyForDeploymentPostprocessing = 0;
		};
/* End PBXSourcesBuildPhase section */

/* Begin PBXVariantGroup section */
		AEE459C9257F0391007BA519 /* Main.storyboard */ = {
			isa = PBXVariantGroup;
			children = (
				AEE459CA257F0391007BA519 /* Base */,
			);
			name = Main.storyboard;
			sourceTree = "<group>";
		};
		AEE459CE257F0396007BA519 /* LaunchScreen.storyboard */ = {
			isa = PBXVariantGroup;
			children = (
				AEE459CF257F0396007BA519 /* Base */,
			);
			name = LaunchScreen.storyboard;
			sourceTree = "<group>";
		};
/* End PBXVariantGroup section */

/* Begin XCBuildConfiguration section */
		AEE459D2257F0396007BA519 /* Debug */ = {
			isa = XCBuildConfiguration;
			buildSettings = {
				ALWAYS_SEARCH_USER_PATHS = NO;
				CLANG_ANALYZER_NONNULL = YES;
				CLANG_ANALYZER_NUMBER_OBJECT_CONVERSION = YES_AGGRESSIVE;
				CLANG_CXX_LANGUAGE_STANDARD = "gnu++14";
				CLANG_CXX_LIBRARY = "libc++";
				CLANG_ENABLE_MODULES = YES;
				CLANG_ENABLE_OBJC_ARC = YES;
				CLANG_ENABLE_OBJC_WEAK = YES;
				CLANG_WARN_BLOCK_CAPTURE_AUTORELEASING = YES;
				CLANG_WARN_BOOL_CONVERSION = YES;
				CLANG_WARN_COMMA = YES;
				CLANG_WARN_CONSTANT_CONVERSION = YES;
				CLANG_WARN_DEPRECATED_OBJC_IMPLEMENTATIONS = YES;
				CLANG_WARN_DIRECT_OBJC_ISA_USAGE = YES_ERROR;
				CLANG_WARN_DOCUMENTATION_COMMENTS = YES;
				CLANG_WARN_EMPTY_BODY = YES;
				CLANG_WARN_ENUM_CONVERSION = YES;
				CLANG_WARN_INFINITE_RECURSION = YES;
				CLANG_WARN_INT_CONVERSION = YES;
				CLANG_WARN_NON_LITERAL_NULL_CONVERSION = YES;
				CLANG_WARN_OBJC_IMPLICIT_RETAIN_SELF = YES;
				CLANG_WARN_OBJC_LITERAL_CONVERSION = YES;
				CLANG_WARN_OBJC_ROOT_CLASS = YES_ERROR;
				CLANG_WARN_RANGE_LOOP_ANALYSIS = YES;
				CLANG_WARN_STRICT_PROTOTYPES = YES;
				CLANG_WARN_SUSPICIOUS_MOVE = YES;
				CLANG_WARN_UNGUARDED_AVAILABILITY = YES_AGGRESSIVE;
				CLANG_WARN_UNREACHABLE_CODE = YES;
				CLANG_WARN__DUPLICATE_METHOD_MATCH = YES;
				COPY_PHASE_STRIP = NO;
				DEBUG_INFORMATION_FORMAT = dwarf;
				ENABLE_STRICT_OBJC_MSGSEND = YES;
				ENABLE_TESTABILITY = YES;
				GCC_C_LANGUAGE_STANDARD = gnu11;
				GCC_DYNAMIC_NO_PIC = NO;
				GCC_NO_COMMON_BLOCKS = YES;
				GCC_OPTIMIZATION_LEVEL = 0;
				GCC_PREPROCESSOR_DEFINITIONS = (
					"DEBUG=1",
					"$(inherited)",
				);
				GCC_WARN_64_TO_32_BIT_CONVERSION = YES;
				GCC_WARN_ABOUT_RETURN_TYPE = YES_ERROR;
				GCC_WARN_UNDECLARED_SELECTOR = YES;
				GCC_WARN_UNINITIALIZED_AUTOS = YES_AGGRESSIVE;
				GCC_WARN_UNUSED_FUNCTION = YES;
				GCC_WARN_UNUSED_VARIABLE = YES;
				IPHONEOS_DEPLOYMENT_TARGET = 13.7;
				MTL_ENABLE_DEBUG_INFO = INCLUDE_SOURCE;
				MTL_FAST_MATH = YES;
				ONLY_ACTIVE_ARCH = YES;
				SDKROOT = iphoneos;
				SWIFT_ACTIVE_COMPILATION_CONDITIONS = DEBUG;
				SWIFT_OPTIMIZATION_LEVEL = "-Onone";
			};
			name = Debug;
		};
		AEE459D3257F0396007BA519 /* Release */ = {
			isa = XCBuildConfiguration;
			buildSettings = {
				ALWAYS_SEARCH_USER_PATHS = NO;
				CLANG_ANALYZER_NONNULL = YES;
				CLANG_ANALYZER_NUMBER_OBJECT_CONVERSION = YES_AGGRESSIVE;
				CLANG_CXX_LANGUAGE_STANDARD = "gnu++14";
				CLANG_CXX_LIBRARY = "libc++";
				CLANG_ENABLE_MODULES = YES;
				CLANG_ENABLE_OBJC_ARC = YES;
				CLANG_ENABLE_OBJC_WEAK = YES;
				CLANG_WARN_BLOCK_CAPTURE_AUTORELEASING = YES;
				CLANG_WARN_BOOL_CONVERSION = YES;
				CLANG_WARN_COMMA = YES;
				CLANG_WARN_CONSTANT_CONVERSION = YES;
				CLANG_WARN_DEPRECATED_OBJC_IMPLEMENTATIONS = YES;
				CLANG_WARN_DIRECT_OBJC_ISA_USAGE = YES_ERROR;
				CLANG_WARN_DOCUMENTATION_COMMENTS = YES;
				CLANG_WARN_EMPTY_BODY = YES;
				CLANG_WARN_ENUM_CONVERSION = YES;
				CLANG_WARN_INFINITE_RECURSION = YES;
				CLANG_WARN_INT_CONVERSION = YES;
				CLANG_WARN_NON_LITERAL_NULL_CONVERSION = YES;
				CLANG_WARN_OBJC_IMPLICIT_RETAIN_SELF = YES;
				CLANG_WARN_OBJC_LITERAL_CONVERSION = YES;
				CLANG_WARN_OBJC_ROOT_CLASS = YES_ERROR;
				CLANG_WARN_RANGE_LOOP_ANALYSIS = YES;
				CLANG_WARN_STRICT_PROTOTYPES = YES;
				CLANG_WARN_SUSPICIOUS_MOVE = YES;
				CLANG_WARN_UNGUARDED_AVAILABILITY = YES_AGGRESSIVE;
				CLANG_WARN_UNREACHABLE_CODE = YES;
				CLANG_WARN__DUPLICATE_METHOD_MATCH = YES;
				COPY_PHASE_STRIP = NO;
				DEBUG_INFORMATION_FORMAT = "dwarf-with-dsym";
				ENABLE_NS_ASSERTIONS = NO;
				ENABLE_STRICT_OBJC_MSGSEND = YES;
				GCC_C_LANGUAGE_STANDARD = gnu11;
				GCC_NO_COMMON_BLOCKS = YES;
				GCC_WARN_64_TO_32_BIT_CONVERSION = YES;
				GCC_WARN_ABOUT_RETURN_TYPE = YES_ERROR;
				GCC_WARN_UNDECLARED_SELECTOR = YES;
				GCC_WARN_UNINITIALIZED_AUTOS = YES_AGGRESSIVE;
				GCC_WARN_UNUSED_FUNCTION = YES;
				GCC_WARN_UNUSED_VARIABLE = YES;
				IPHONEOS_DEPLOYMENT_TARGET = 13.7;
				MTL_ENABLE_DEBUG_INFO = NO;
				MTL_FAST_MATH = YES;
				SDKROOT = iphoneos;
				SWIFT_COMPILATION_MODE = wholemodule;
				SWIFT_OPTIMIZATION_LEVEL = "-O";
				VALIDATE_PRODUCT = YES;
			};
			name = Release;
		};
		AEE459D5257F0396007BA519 /* Debug */ = {
			isa = XCBuildConfiguration;
			buildSettings = {
				ASSETCATALOG_COMPILER_APPICON_NAME = AppIcon;
				CODE_SIGN_STYLE = Automatic;
				DEVELOPMENT_TEAM = VBNQV8KG4G;
				INFOPLIST_FILE = CustomCollectionViewCell/Info.plist;
				LD_RUNPATH_SEARCH_PATHS = (
					"$(inherited)",
					"@executable_path/Frameworks",
				);
				PRODUCT_BUNDLE_IDENTIFIER = com.wareto.CustomCollectionViewCell;
				PRODUCT_NAME = "$(TARGET_NAME)";
				SWIFT_VERSION = 5.0;
				TARGETED_DEVICE_FAMILY = "1,2";
			};
			name = Debug;
		};
		AEE459D6257F0396007BA519 /* Release */ = {
			isa = XCBuildConfiguration;
			buildSettings = {
				ASSETCATALOG_COMPILER_APPICON_NAME = AppIcon;
				CODE_SIGN_STYLE = Automatic;
				DEVELOPMENT_TEAM = VBNQV8KG4G;
				INFOPLIST_FILE = CustomCollectionViewCell/Info.plist;
				LD_RUNPATH_SEARCH_PATHS = (
					"$(inherited)",
					"@executable_path/Frameworks",
				);
				PRODUCT_BUNDLE_IDENTIFIER = com.wareto.CustomCollectionViewCell;
				PRODUCT_NAME = "$(TARGET_NAME)";
				SWIFT_VERSION = 5.0;
				TARGETED_DEVICE_FAMILY = "1,2";
			};
			name = Release;
		};
/* End XCBuildConfiguration section */

/* Begin XCConfigurationList section */
		AEE459BB257F0390007BA519 /* Build configuration list for PBXProject "CustomCollectionViewCell" */ = {
			isa = XCConfigurationList;
			buildConfigurations = (
				AEE459D2257F0396007BA519 /* Debug */,
				AEE459D3257F0396007BA519 /* Release */,
			);
			defaultConfigurationIsVisible = 0;
			defaultConfigurationName = Release;
		};
		AEE459D4257F0396007BA519 /* Build configuration list for PBXNativeTarget "CustomCollectionViewCell" */ = {
			isa = XCConfigurationList;
			buildConfigurations = (
				AEE459D5257F0396007BA519 /* Debug */,
				AEE459D6257F0396007BA519 /* Release */,
			);
			defaultConfigurationIsVisible = 0;
			defaultConfigurationName = Release;
		};
/* End XCConfigurationList section */
	};
	rootObject = AEE459B8257F0390007BA519 /* Project object */;
}
